
Microsoft Visual Studio Solution File, Format Version 12.00
# Visual Studio 2013
VisualStudioVersion = 12.0.20623.1 VSUPREVIEW
MinimumVisualStudioVersion = 10.0.40219.1
Project("{FAE04EC0-301F-11D3-BF4B-00C04F79EFBC}") = "HEP", "HEP\HEP.csproj", "{47C44A15-6387-49CB-9FA1-6D418C365C5C}"
EndProject
Project("{00D1A9C2-B5F0-4AF3-8072-F6C62B433612}") = "HEPDatabase", "Database\HEPDatabase.sqlproj", "{B53327E4-2DBF-4E2F-8E23-E4F164F3360C}"
EndProject
Project("{FAE04EC0-301F-11D3-BF4B-00C04F79EFBC}") = "HEPDataModel", "HEPDataModel\HEPDataModel.csproj", "{E580C0F2-EFA0-4AC6-8E88-693DCE4A02AE}"
EndProject
Project("{FAE04EC0-301F-11D3-BF4B-00C04F79EFBC}") = "HEPDataLayer", "HEPDataLayer\HEPDataLayer.csproj", "{F72F5BF0-CE10-4F53-8D55-7CBD93219F56}"
EndProject
Project("{FAE04EC0-301F-11D3-BF4B-00C04F79EFBC}") = "HEPInitData", "HEPInitData\HEPInitData.csproj", "{2DDF6D3B-34E1-46AB-8077-FB8F68555B21}"
EndProject
Global
	GlobalSection(SolutionConfigurationPlatforms) = preSolution
		Debug|Any CPU = Debug|Any CPU
		Release|Any CPU = Release|Any CPU
	EndGlobalSection
	GlobalSection(ProjectConfigurationPlatforms) = postSolution
		{47C44A15-6387-49CB-9FA1-6D418C365C5C}.Debug|Any CPU.ActiveCfg = Debug|Any CPU
		{47C44A15-6387-49CB-9FA1-6D418C365C5C}.Debug|Any CPU.Build.0 = Debug|Any CPU
		{47C44A15-6387-49CB-9FA1-6D418C365C5C}.Release|Any CPU.ActiveCfg = Release|Any CPU
		{47C44A15-6387-49CB-9FA1-6D418C365C5C}.Release|Any CPU.Build.0 = Release|Any CPU
		{B53327E4-2DBF-4E2F-8E23-E4F164F3360C}.Debug|Any CPU.ActiveCfg = Debug|Any CPU
		{B53327E4-2DBF-4E2F-8E23-E4F164F3360C}.Debug|Any CPU.Build.0 = Debug|Any CPU
		{B53327E4-2DBF-4E2F-8E23-E4F164F3360C}.Debug|Any CPU.Deploy.0 = Debug|Any CPU
		{B53327E4-2DBF-4E2F-8E23-E4F164F3360C}.Release|Any CPU.ActiveCfg = Release|Any CPU
		{B53327E4-2DBF-4E2F-8E23-E4F164F3360C}.Release|Any CPU.Build.0 = Release|Any CPU
		{B53327E4-2DBF-4E2F-8E23-E4F164F3360C}.Release|Any CPU.Deploy.0 = Release|Any CPU
		{E580C0F2-EFA0-4AC6-8E88-693DCE4A02AE}.Debug|Any CPU.ActiveCfg = Debug|Any CPU
		{E580C0F2-EFA0-4AC6-8E88-693DCE4A02AE}.Debug|Any CPU.Build.0 = Debug|Any CPU
		{E580C0F2-EFA0-4AC6-8E88-693DCE4A02AE}.Release|Any CPU.ActiveCfg = Release|Any CPU
		{E580C0F2-EFA0-4AC6-8E88-693DCE4A02AE}.Release|Any CPU.Build.0 = Release|Any CPU
		{F72F5BF0-CE10-4F53-8D55-7CBD93219F56}.Debug|Any CPU.ActiveCfg = Debug|Any CPU
		{F72F5BF0-CE10-4F53-8D55-7CBD93219F56}.Debug|Any CPU.Build.0 = Debug|Any CPU
		{F72F5BF0-CE10-4F53-8D55-7CBD93219F56}.Release|Any CPU.ActiveCfg = Release|Any CPU
		{F72F5BF0-CE10-4F53-8D55-7CBD93219F56}.Release|Any CPU.Build.0 = Release|Any CPU
		{2DDF6D3B-34E1-46AB-8077-FB8F68555B21}.Debug|Any CPU.ActiveCfg = Debug|Any CPU
		{2DDF6D3B-34E1-46AB-8077-FB8F68555B21}.Debug|Any CPU.Build.0 = Debug|Any CPU
		{2DDF6D3B-34E1-46AB-8077-FB8F68555B21}.Release|Any CPU.ActiveCfg = Release|Any CPU
		{2DDF6D3B-34E1-46AB-8077-FB8F68555B21}.Release|Any CPU.Build.0 = Release|Any CPU
	EndGlobalSection
	GlobalSection(SolutionProperties) = preSolution
		HideSolutionNode = FALSE
	EndGlobalSection
EndGlobal
